
Microsoft Visual Studio Solution File, Format Version 12.00
Project("{FAE04EC0-301F-11D3-BF4B-00C04F79EFBC}") = "Sep3WebApi", "Sep3WebApi\Sep3WebApi.csproj", "{020FC50D-DA45-4B93-8352-69926B11EB33}"
EndProject
Global
	GlobalSection(SolutionConfigurationPlatforms) = preSolution
		Debug|Any CPU = Debug|Any CPU
		Release|Any CPU = Release|Any CPU
	EndGlobalSection
	GlobalSection(ProjectConfigurationPlatforms) = postSolution
		{020FC50D-DA45-4B93-8352-69926B11EB33}.Debug|Any CPU.ActiveCfg = Debug|Any CPU
		{020FC50D-DA45-4B93-8352-69926B11EB33}.Debug|Any CPU.Build.0 = Debug|Any CPU
		{020FC50D-DA45-4B93-8352-69926B11EB33}.Release|Any CPU.ActiveCfg = Release|Any CPU
		{020FC50D-DA45-4B93-8352-69926B11EB33}.Release|Any CPU.Build.0 = Release|Any CPU
	EndGlobalSection
EndGlobal
